
Microsoft Visual Studio Solution File, Format Version 12.00
# Visual Studio Version 16
VisualStudioVersion = 16.0.33214.272
MinimumVisualStudioVersion = 10.0.40219.1
Project("{FAE04EC0-301F-11D3-BF4B-00C04F79EFBC}") = "CstLoop", "CstLoop\CstLoop.csproj", "{6279D96C-867A-4466-874F-D65AF8CEC75A}"
EndProject
Project("{FAE04EC0-301F-11D3-BF4B-00C04F79EFBC}") = "DaysoftheMonth", "DaysoftheMonth\DaysoftheMonth.csproj", "{E774C289-24E4-4BA9-B900-9E7DF3A35EAD}"
EndProject
Project("{FAE04EC0-301F-11D3-BF4B-00C04F79EFBC}") = "loopchenfa", "loopchenfa\loopchenfa.csproj", "{111391D7-7E6C-42DA-A4E1-B396F312B6A2}"
EndProject
Project("{FAE04EC0-301F-11D3-BF4B-00C04F79EFBC}") = "forloopEvenresult", "forloopEvenresult\forloopEvenresult.csproj", "{4085B848-438A-4C82-9F69-2227502D62D4}"
EndProject
Project("{FAE04EC0-301F-11D3-BF4B-00C04F79EFBC}") = "sanyuanExpression", "sanyuanbiaodashi\sanyuanExpression.csproj", "{77A12E65-E44B-4282-AD17-79357EEC2806}"
EndProject
Global
	GlobalSection(SolutionConfigurationPlatforms) = preSolution
		Debug|Any CPU = Debug|Any CPU
		Release|Any CPU = Release|Any CPU
	EndGlobalSection
	GlobalSection(ProjectConfigurationPlatforms) = postSolution
		{6279D96C-867A-4466-874F-D65AF8CEC75A}.Debug|Any CPU.ActiveCfg = Debug|Any CPU
		{6279D96C-867A-4466-874F-D65AF8CEC75A}.Debug|Any CPU.Build.0 = Debug|Any CPU
		{6279D96C-867A-4466-874F-D65AF8CEC75A}.Release|Any CPU.ActiveCfg = Release|Any CPU
		{6279D96C-867A-4466-874F-D65AF8CEC75A}.Release|Any CPU.Build.0 = Release|Any CPU
		{E774C289-24E4-4BA9-B900-9E7DF3A35EAD}.Debug|Any CPU.ActiveCfg = Debug|Any CPU
		{E774C289-24E4-4BA9-B900-9E7DF3A35EAD}.Debug|Any CPU.Build.0 = Debug|Any CPU
		{E774C289-24E4-4BA9-B900-9E7DF3A35EAD}.Release|Any CPU.ActiveCfg = Release|Any CPU
		{E774C289-24E4-4BA9-B900-9E7DF3A35EAD}.Release|Any CPU.Build.0 = Release|Any CPU
		{111391D7-7E6C-42DA-A4E1-B396F312B6A2}.Debug|Any CPU.ActiveCfg = Debug|Any CPU
		{111391D7-7E6C-42DA-A4E1-B396F312B6A2}.Debug|Any CPU.Build.0 = Debug|Any CPU
		{111391D7-7E6C-42DA-A4E1-B396F312B6A2}.Release|Any CPU.ActiveCfg = Release|Any CPU
		{111391D7-7E6C-42DA-A4E1-B396F312B6A2}.Release|Any CPU.Build.0 = Release|Any CPU
		{4085B848-438A-4C82-9F69-2227502D62D4}.Debug|Any CPU.ActiveCfg = Debug|Any CPU
		{4085B848-438A-4C82-9F69-2227502D62D4}.Debug|Any CPU.Build.0 = Debug|Any CPU
		{4085B848-438A-4C82-9F69-2227502D62D4}.Release|Any CPU.ActiveCfg = Release|Any CPU
		{4085B848-438A-4C82-9F69-2227502D62D4}.Release|Any CPU.Build.0 = Release|Any CPU
		{77A12E65-E44B-4282-AD17-79357EEC2806}.Debug|Any CPU.ActiveCfg = Debug|Any CPU
		{77A12E65-E44B-4282-AD17-79357EEC2806}.Debug|Any CPU.Build.0 = Debug|Any CPU
		{77A12E65-E44B-4282-AD17-79357EEC2806}.Release|Any CPU.ActiveCfg = Release|Any CPU
		{77A12E65-E44B-4282-AD17-79357EEC2806}.Release|Any CPU.Build.0 = Release|Any CPU
	EndGlobalSection
	GlobalSection(SolutionProperties) = preSolution
		HideSolutionNode = FALSE
	EndGlobalSection
	GlobalSection(ExtensibilityGlobals) = postSolution
		SolutionGuid = {D2781446-629B-4A16-9EC1-8D049DE89012}
	EndGlobalSection
EndGlobal
