
Microsoft Visual Studio Solution File, Format Version 12.00
# Visual Studio Version 16
VisualStudioVersion = 16.0.33328.57
MinimumVisualStudioVersion = 10.0.40219.1
Project("{FAE04EC0-301F-11D3-BF4B-00C04F79EFBC}") = "CstDemo1", "CstDemo1\CstDemo1.csproj", "{C0CA9E2B-C704-4746-B236-286F0564C6F6}"
EndProject
Global
	GlobalSection(SolutionConfigurationPlatforms) = preSolution
		Debug|Any CPU = Debug|Any CPU
		Release|Any CPU = Release|Any CPU
	EndGlobalSection
	GlobalSection(ProjectConfigurationPlatforms) = postSolution
		{C0CA9E2B-C704-4746-B236-286F0564C6F6}.Debug|Any CPU.ActiveCfg = Debug|Any CPU
		{C0CA9E2B-C704-4746-B236-286F0564C6F6}.Debug|Any CPU.Build.0 = Debug|Any CPU
		{C0CA9E2B-C704-4746-B236-286F0564C6F6}.Release|Any CPU.ActiveCfg = Release|Any CPU
		{C0CA9E2B-C704-4746-B236-286F0564C6F6}.Release|Any CPU.Build.0 = Release|Any CPU
	EndGlobalSection
	GlobalSection(SolutionProperties) = preSolution
		HideSolutionNode = FALSE
	EndGlobalSection
	GlobalSection(ExtensibilityGlobals) = postSolution
		SolutionGuid = {201EAA87-0BCF-431C-9295-F1DF211F3DC4}
	EndGlobalSection
EndGlobal
